<Solution>
  <Folder Name="/src/">
    <Project Path="src/InfoPanel.App/InfoPanel.App.csproj" />
    <Project Path="src/InfoPanel.AudioSpectrum/InfoPanel.AudioSpectrum.csproj" />
    <Project Path="src/InfoPanel.Core/InfoPanel.Core.csproj" />
    <Project Path="src/InfoPanel.Devices.BeadaPanel/InfoPanel.Devices.BeadaPanel.csproj" />
    <Project Path="src/InfoPanel.Devices.JlPanel/InfoPanel.Devices.JlPanel.csproj" />
    <Project Path="src/InfoPanel.Devices.Thermalright/InfoPanel.Devices.Thermalright.csproj" />
    <Project Path="src/InfoPanel.Devices.Thermaltake/InfoPanel.Devices.Thermaltake.csproj" />
    <Project Path="src/InfoPanel.Devices.TuringPanel/InfoPanel.Devices.TuringPanel.csproj" />
    <Project Path="src/InfoPanel.Devices/InfoPanel.Devices.csproj" />
    <Project Path="src/InfoPanel.Extras/InfoPanel.Extras.csproj" />
    <Project Path="src/InfoPanel.Platform.Linux/InfoPanel.Platform.Linux.csproj" />
    <Project Path="src/InfoPanel.Platform/InfoPanel.Platform.csproj" />
    <Project Path="src/InfoPanel.Plugins.Graphics/InfoPanel.Plugins.Graphics.csproj" />
    <Project Path="src/InfoPanel.Plugins.Loader/InfoPanel.Plugins.Loader.csproj" />
    <Project Path="src/InfoPanel.Plugins.Simulator/InfoPanel.Plugins.Simulator.csproj" />
    <Project Path="src/InfoPanel.Plugins/InfoPanel.Plugins.csproj" />
    <Project Path="src/InfoPanel.Rendering/InfoPanel.Rendering.csproj" />
    <Project Path="src/InfoPanel.Sensors.Linux/InfoPanel.Sensors.Linux.csproj" />
    <Project Path="src/InfoPanel.Sensors/InfoPanel.Sensors.csproj" />
    <Project Path="src/InfoPanel.Web/InfoPanel.Web.csproj" />
    <Project Path="src/TuringSmartScreenLib.Helpers.SkiaSharp/TuringSmartScreenLib.Helpers.SkiaSharp.csproj" />
    <Project Path="src/TuringSmartScreenLib/TuringSmartScreenLib.csproj" />
  </Folder>
  <Folder Name="/tests/">
    <Project Path="tests/InfoPanel.App.Tests/InfoPanel.App.Tests.csproj" />
    <Project Path="tests/InfoPanel.Core.Tests/InfoPanel.Core.Tests.csproj" />
  </Folder>
</Solution>
