<Solution>
  <Folder Name="/src/">
    <Project Path="src/InfoPanel.Extras/InfoPanel.Extras.csproj" />
    <Project Path="src/InfoPanel.Plugins.Loader/InfoPanel.Plugins.Loader.csproj" />
    <Project Path="src/InfoPanel.Plugins.Simulator/InfoPanel.Plugins.Simulator.csproj" />
    <Project Path="src/InfoPanel.Plugins/InfoPanel.Plugins.csproj" />
  </Folder>
</Solution>
