{
  "version": 1,
  "dependencies": {
    "net8.0": {
      "ini-parser-netstandard": {
        "type": "Direct",
        "requested": "[2.5.3, )",
        "resolved": "2.5.3",
        "contentHash": "Ht3UqRCqizBPbB5pvQ/yCNZIChY6Cy5nLn7TKIlJzWnf4pbqGKqDO+AY6MDTD+fXgEzzMb64Qzl4/Hy7vEqfLA=="
      },
      "OpenWeatherMap.Standard": {
        "type": "Direct",
        "requested": "[3.0.91, )",
        "resolved": "3.0.91",
        "contentHash": "8WAmpABokiTx82MyZ9z3CsSMNeV+5+a/MnbYmZ/40oVV6/ElUfQEj4eb54EHPOTD99cjcCCEh98hrGhs50uoqA==",
        "dependencies": {
          "Newtonsoft.Json": "13.0.3"
        }
      },
      "Sentry": {
        "type": "Direct",
        "requested": "[5.16.1, )",
        "resolved": "5.16.1",
        "contentHash": "Ji9rBurSp5pUTHkZg1KLyODVQWeGlZfLHybpdfWvUEfrNlVyBvujOPi2sZVb6Y+KfphpKtuUF+138gqIkO0K5A=="
      },
      "Serilog": {
        "type": "Direct",
        "requested": "[4.3.0, )",
        "resolved": "4.3.0",
        "contentHash": "+cDryFR0GRhsGOnZSKwaDzRRl4MupvJ42FhCE4zhQRVanX0Jpg6WuCBk59OVhVDPmab1bB+nRykAnykYELA9qQ=="
      },
      "Newtonsoft.Json": {
        "type": "Transitive",
        "resolved": "13.0.3",
        "contentHash": "HrC5BXdl00IP9zeV+0Z848QWPAoCr9P3bDEZguI+gkLcBKAOxix/tLEAAHC+UvDNPv4a2d18lOReHMOagPa+zQ=="
      },
      "infopanel.plugins": {
        "type": "Project"
      }
    }
  }
}